
Microsoft Visual Studio Solution File, Format Version 12.00
Project("{FAE04EC0-301F-11D3-BF4B-00C04F79EFBC}") = "xadrez_console", "xadrez_console\xadrez_console.csproj", "{2C45A00A-7B23-44F1-A960-69072B63B42F}"
EndProject
Global
	GlobalSection(SolutionConfigurationPlatforms) = preSolution
		Debug|Any CPU = Debug|Any CPU
		Release|Any CPU = Release|Any CPU
	EndGlobalSection
	GlobalSection(ProjectConfigurationPlatforms) = postSolution
		{2C45A00A-7B23-44F1-A960-69072B63B42F}.Debug|Any CPU.ActiveCfg = Debug|Any CPU
		{2C45A00A-7B23-44F1-A960-69072B63B42F}.Debug|Any CPU.Build.0 = Debug|Any CPU
		{2C45A00A-7B23-44F1-A960-69072B63B42F}.Release|Any CPU.ActiveCfg = Release|Any CPU
		{2C45A00A-7B23-44F1-A960-69072B63B42F}.Release|Any CPU.Build.0 = Release|Any CPU
	EndGlobalSection
EndGlobal
